
Microsoft Visual Studio Solution File, Format Version 12.00
# Visual Studio 14
VisualStudioVersion = 14.0.25123.0
MinimumVisualStudioVersion = 10.0.40219.1
Project("{FAE04EC0-301F-11D3-BF4B-00C04F79EFBC}") = "ScrumTable", "ScrumTable\ScrumTable.csproj", "{9BC4E88D-427F-4D69-A03E-61F459CA1661}"
EndProject
Global
	GlobalSection(SolutionConfigurationPlatforms) = preSolution
		Debug|ARM = Debug|ARM
		Debug|x64 = Debug|x64
		Debug|x86 = Debug|x86
		Release|ARM = Release|ARM
		Release|x64 = Release|x64
		Release|x86 = Release|x86
	EndGlobalSection
	GlobalSection(ProjectConfigurationPlatforms) = postSolution
		{9BC4E88D-427F-4D69-A03E-61F459CA1661}.Debug|ARM.ActiveCfg = Debug|ARM
		{9BC4E88D-427F-4D69-A03E-61F459CA1661}.Debug|ARM.Build.0 = Debug|ARM
		{9BC4E88D-427F-4D69-A03E-61F459CA1661}.Debug|ARM.Deploy.0 = Debug|ARM
		{9BC4E88D-427F-4D69-A03E-61F459CA1661}.Debug|x64.ActiveCfg = Debug|x64
		{9BC4E88D-427F-4D69-A03E-61F459CA1661}.Debug|x64.Build.0 = Debug|x64
		{9BC4E88D-427F-4D69-A03E-61F459CA1661}.Debug|x64.Deploy.0 = Debug|x64
		{9BC4E88D-427F-4D69-A03E-61F459CA1661}.Debug|x86.ActiveCfg = Debug|x86
		{9BC4E88D-427F-4D69-A03E-61F459CA1661}.Debug|x86.Build.0 = Debug|x86
		{9BC4E88D-427F-4D69-A03E-61F459CA1661}.Debug|x86.Deploy.0 = Debug|x86
		{9BC4E88D-427F-4D69-A03E-61F459CA1661}.Release|ARM.ActiveCfg = Release|ARM
		{9BC4E88D-427F-4D69-A03E-61F459CA1661}.Release|ARM.Build.0 = Release|ARM
		{9BC4E88D-427F-4D69-A03E-61F459CA1661}.Release|ARM.Deploy.0 = Release|ARM
		{9BC4E88D-427F-4D69-A03E-61F459CA1661}.Release|x64.ActiveCfg = Release|x64
		{9BC4E88D-427F-4D69-A03E-61F459CA1661}.Release|x64.Build.0 = Release|x64
		{9BC4E88D-427F-4D69-A03E-61F459CA1661}.Release|x64.Deploy.0 = Release|x64
		{9BC4E88D-427F-4D69-A03E-61F459CA1661}.Release|x86.ActiveCfg = Release|x86
		{9BC4E88D-427F-4D69-A03E-61F459CA1661}.Release|x86.Build.0 = Release|x86
		{9BC4E88D-427F-4D69-A03E-61F459CA1661}.Release|x86.Deploy.0 = Release|x86
	EndGlobalSection
	GlobalSection(SolutionProperties) = preSolution
		HideSolutionNode = FALSE
	EndGlobalSection
EndGlobal
